
Microsoft Visual Studio Solution File, Format Version 12.00
# Visual Studio Version 17
VisualStudioVersion = 17.3.32825.248
MinimumVisualStudioVersion = 10.0.40219.1
Project("{FAE04EC0-301F-11D3-BF4B-00C04F79EFBC}") = "Employees.API", "Employees.API\Employees.API.csproj", "{C7E985B5-0148-40DE-98FD-1EAE5C87633E}"
EndProject
Project("{FAE04EC0-301F-11D3-BF4B-00C04F79EFBC}") = "Employees.Core", "Employees.Core\Employees.Core.csproj", "{39375556-C54F-46CD-BBD2-E03F42EC9694}"
EndProject
Project("{FAE04EC0-301F-11D3-BF4B-00C04F79EFBC}") = "Employees.Data", "Employees.Data\Employees.Data.csproj", "{40FBA1F2-D8B0-4C50-AF67-A03BEC674DA2}"
EndProject
Project("{FAE04EC0-301F-11D3-BF4B-00C04F79EFBC}") = "Employees.Service", "Employees.Service\Employees.Service.csproj", "{2BA7233C-829F-4AC3-9340-2584717CA2B2}"
EndProject
Global
	GlobalSection(SolutionConfigurationPlatforms) = preSolution
		Debug|Any CPU = Debug|Any CPU
		Release|Any CPU = Release|Any CPU
	EndGlobalSection
	GlobalSection(ProjectConfigurationPlatforms) = postSolution
		{C7E985B5-0148-40DE-98FD-1EAE5C87633E}.Debug|Any CPU.ActiveCfg = Debug|Any CPU
		{C7E985B5-0148-40DE-98FD-1EAE5C87633E}.Debug|Any CPU.Build.0 = Debug|Any CPU
		{C7E985B5-0148-40DE-98FD-1EAE5C87633E}.Release|Any CPU.ActiveCfg = Release|Any CPU
		{C7E985B5-0148-40DE-98FD-1EAE5C87633E}.Release|Any CPU.Build.0 = Release|Any CPU
		{39375556-C54F-46CD-BBD2-E03F42EC9694}.Debug|Any CPU.ActiveCfg = Debug|Any CPU
		{39375556-C54F-46CD-BBD2-E03F42EC9694}.Debug|Any CPU.Build.0 = Debug|Any CPU
		{39375556-C54F-46CD-BBD2-E03F42EC9694}.Release|Any CPU.ActiveCfg = Release|Any CPU
		{39375556-C54F-46CD-BBD2-E03F42EC9694}.Release|Any CPU.Build.0 = Release|Any CPU
		{40FBA1F2-D8B0-4C50-AF67-A03BEC674DA2}.Debug|Any CPU.ActiveCfg = Debug|Any CPU
		{40FBA1F2-D8B0-4C50-AF67-A03BEC674DA2}.Debug|Any CPU.Build.0 = Debug|Any CPU
		{40FBA1F2-D8B0-4C50-AF67-A03BEC674DA2}.Release|Any CPU.ActiveCfg = Release|Any CPU
		{40FBA1F2-D8B0-4C50-AF67-A03BEC674DA2}.Release|Any CPU.Build.0 = Release|Any CPU
		{2BA7233C-829F-4AC3-9340-2584717CA2B2}.Debug|Any CPU.ActiveCfg = Debug|Any CPU
		{2BA7233C-829F-4AC3-9340-2584717CA2B2}.Debug|Any CPU.Build.0 = Debug|Any CPU
		{2BA7233C-829F-4AC3-9340-2584717CA2B2}.Release|Any CPU.ActiveCfg = Release|Any CPU
		{2BA7233C-829F-4AC3-9340-2584717CA2B2}.Release|Any CPU.Build.0 = Release|Any CPU
	EndGlobalSection
	GlobalSection(SolutionProperties) = preSolution
		HideSolutionNode = FALSE
	EndGlobalSection
	GlobalSection(ExtensibilityGlobals) = postSolution
		SolutionGuid = {511E9A6F-5B11-4E34-8649-343EF932413F}
	EndGlobalSection
EndGlobal
